
Microsoft Visual Studio Solution File, Format Version 11.00
# Visual Studio 2010
Project("{FAE04EC0-301F-11D3-BF4B-00C04F79EFBC}") = "Dashboard", "Dashboard\Dashboard\Dashboard.csproj", "{045931A2-AC34-4597-81E4-452013C6ECF6}"
EndProject
Project("{FAE04EC0-301F-11D3-BF4B-00C04F79EFBC}") = "DashboardContent", "Dashboard\DashboardContent\DashboardContent.contentproj", "{D027B8C3-6135-496C-8548-C917EC610D1D}"
EndProject
Project("{FAE04EC0-301F-11D3-BF4B-00C04F79EFBC}") = "RhesusNet.NET", "RhesusNet.NET\RhesusNet.NET.csproj", "{6298D059-DE06-4061-8F5C-D92956606A52}"
EndProject
Project("{FAE04EC0-301F-11D3-BF4B-00C04F79EFBC}") = "MockRobot", "MockRobot\MockRobot.csproj", "{8AD07DF4-75C2-4597-A3EA-89F255C2B444}"
EndProject
Project("{FAE04EC0-301F-11D3-BF4B-00C04F79EFBC}") = "Controls", "Controls\Controls.csproj", "{9C8328B3-97FC-4F39-A1BC-6DC4A1730C26}"
EndProject
Project("{FAE04EC0-301F-11D3-BF4B-00C04F79EFBC}") = "Content", "Controls\Content\Content.contentproj", "{35AFC410-C882-4EF4-8CE0-C53C2C712B0C}"
EndProject
Project("{FAE04EC0-301F-11D3-BF4B-00C04F79EFBC}") = "LayoutContract", "LayoutContract\LayoutContract.csproj", "{C42C443A-9180-46BB-9CB6-0C16C7C616CF}"
EndProject
Project("{FAE04EC0-301F-11D3-BF4B-00C04F79EFBC}") = "Dashboard.Library", "Dashboard.Library\Dashboard.Library.csproj", "{EBBAF2B6-4C65-4606-997A-4EA097DEDF55}"
EndProject
Project("{FAE04EC0-301F-11D3-BF4B-00C04F79EFBC}") = "SampleLayout", "SampleLayout\SampleLayout.csproj", "{950FD8C8-D966-4609-B043-9DB28CC260C1}"
EndProject
Global
	GlobalSection(SolutionConfigurationPlatforms) = preSolution
		Debug|Any CPU = Debug|Any CPU
		Debug|Mixed Platforms = Debug|Mixed Platforms
		Debug|x86 = Debug|x86
		Release|Any CPU = Release|Any CPU
		Release|Mixed Platforms = Release|Mixed Platforms
		Release|x86 = Release|x86
	EndGlobalSection
	GlobalSection(ProjectConfigurationPlatforms) = postSolution
		{045931A2-AC34-4597-81E4-452013C6ECF6}.Debug|Any CPU.ActiveCfg = Debug|x86
		{045931A2-AC34-4597-81E4-452013C6ECF6}.Debug|Mixed Platforms.ActiveCfg = Debug|x86
		{045931A2-AC34-4597-81E4-452013C6ECF6}.Debug|Mixed Platforms.Build.0 = Debug|x86
		{045931A2-AC34-4597-81E4-452013C6ECF6}.Debug|x86.ActiveCfg = Debug|x86
		{045931A2-AC34-4597-81E4-452013C6ECF6}.Debug|x86.Build.0 = Debug|x86
		{045931A2-AC34-4597-81E4-452013C6ECF6}.Release|Any CPU.ActiveCfg = Release|x86
		{045931A2-AC34-4597-81E4-452013C6ECF6}.Release|Mixed Platforms.ActiveCfg = Release|x86
		{045931A2-AC34-4597-81E4-452013C6ECF6}.Release|Mixed Platforms.Build.0 = Release|x86
		{045931A2-AC34-4597-81E4-452013C6ECF6}.Release|x86.ActiveCfg = Release|x86
		{045931A2-AC34-4597-81E4-452013C6ECF6}.Release|x86.Build.0 = Release|x86
		{D027B8C3-6135-496C-8548-C917EC610D1D}.Debug|Any CPU.ActiveCfg = Debug|x86
		{D027B8C3-6135-496C-8548-C917EC610D1D}.Debug|Mixed Platforms.ActiveCfg = Debug|x86
		{D027B8C3-6135-496C-8548-C917EC610D1D}.Debug|x86.ActiveCfg = Debug|x86
		{D027B8C3-6135-496C-8548-C917EC610D1D}.Release|Any CPU.ActiveCfg = Release|x86
		{D027B8C3-6135-496C-8548-C917EC610D1D}.Release|Mixed Platforms.ActiveCfg = Release|x86
		{D027B8C3-6135-496C-8548-C917EC610D1D}.Release|x86.ActiveCfg = Release|x86
		{6298D059-DE06-4061-8F5C-D92956606A52}.Debug|Any CPU.ActiveCfg = Debug|Any CPU
		{6298D059-DE06-4061-8F5C-D92956606A52}.Debug|Any CPU.Build.0 = Debug|Any CPU
		{6298D059-DE06-4061-8F5C-D92956606A52}.Debug|Mixed Platforms.ActiveCfg = Debug|Any CPU
		{6298D059-DE06-4061-8F5C-D92956606A52}.Debug|Mixed Platforms.Build.0 = Debug|Any CPU
		{6298D059-DE06-4061-8F5C-D92956606A52}.Debug|x86.ActiveCfg = Debug|Any CPU
		{6298D059-DE06-4061-8F5C-D92956606A52}.Release|Any CPU.ActiveCfg = Release|Any CPU
		{6298D059-DE06-4061-8F5C-D92956606A52}.Release|Any CPU.Build.0 = Release|Any CPU
		{6298D059-DE06-4061-8F5C-D92956606A52}.Release|Mixed Platforms.ActiveCfg = Release|Any CPU
		{6298D059-DE06-4061-8F5C-D92956606A52}.Release|Mixed Platforms.Build.0 = Release|Any CPU
		{6298D059-DE06-4061-8F5C-D92956606A52}.Release|x86.ActiveCfg = Release|Any CPU
		{8AD07DF4-75C2-4597-A3EA-89F255C2B444}.Debug|Any CPU.ActiveCfg = Debug|x86
		{8AD07DF4-75C2-4597-A3EA-89F255C2B444}.Debug|Mixed Platforms.ActiveCfg = Debug|x86
		{8AD07DF4-75C2-4597-A3EA-89F255C2B444}.Debug|Mixed Platforms.Build.0 = Debug|x86
		{8AD07DF4-75C2-4597-A3EA-89F255C2B444}.Debug|x86.ActiveCfg = Debug|x86
		{8AD07DF4-75C2-4597-A3EA-89F255C2B444}.Debug|x86.Build.0 = Debug|x86
		{8AD07DF4-75C2-4597-A3EA-89F255C2B444}.Release|Any CPU.ActiveCfg = Release|x86
		{8AD07DF4-75C2-4597-A3EA-89F255C2B444}.Release|Mixed Platforms.ActiveCfg = Release|x86
		{8AD07DF4-75C2-4597-A3EA-89F255C2B444}.Release|Mixed Platforms.Build.0 = Release|x86
		{8AD07DF4-75C2-4597-A3EA-89F255C2B444}.Release|x86.ActiveCfg = Release|x86
		{8AD07DF4-75C2-4597-A3EA-89F255C2B444}.Release|x86.Build.0 = Release|x86
		{9C8328B3-97FC-4F39-A1BC-6DC4A1730C26}.Debug|Any CPU.ActiveCfg = Debug|x86
		{9C8328B3-97FC-4F39-A1BC-6DC4A1730C26}.Debug|Mixed Platforms.ActiveCfg = Debug|x86
		{9C8328B3-97FC-4F39-A1BC-6DC4A1730C26}.Debug|Mixed Platforms.Build.0 = Debug|x86
		{9C8328B3-97FC-4F39-A1BC-6DC4A1730C26}.Debug|x86.ActiveCfg = Debug|x86
		{9C8328B3-97FC-4F39-A1BC-6DC4A1730C26}.Debug|x86.Build.0 = Debug|x86
		{9C8328B3-97FC-4F39-A1BC-6DC4A1730C26}.Release|Any CPU.ActiveCfg = Release|x86
		{9C8328B3-97FC-4F39-A1BC-6DC4A1730C26}.Release|Mixed Platforms.ActiveCfg = Release|x86
		{9C8328B3-97FC-4F39-A1BC-6DC4A1730C26}.Release|Mixed Platforms.Build.0 = Release|x86
		{9C8328B3-97FC-4F39-A1BC-6DC4A1730C26}.Release|x86.ActiveCfg = Release|x86
		{9C8328B3-97FC-4F39-A1BC-6DC4A1730C26}.Release|x86.Build.0 = Release|x86
		{35AFC410-C882-4EF4-8CE0-C53C2C712B0C}.Debug|Any CPU.ActiveCfg = Debug|x86
		{35AFC410-C882-4EF4-8CE0-C53C2C712B0C}.Debug|Mixed Platforms.ActiveCfg = Debug|x86
		{35AFC410-C882-4EF4-8CE0-C53C2C712B0C}.Debug|x86.ActiveCfg = Debug|x86
		{35AFC410-C882-4EF4-8CE0-C53C2C712B0C}.Release|Any CPU.ActiveCfg = Release|x86
		{35AFC410-C882-4EF4-8CE0-C53C2C712B0C}.Release|Mixed Platforms.ActiveCfg = Release|x86
		{35AFC410-C882-4EF4-8CE0-C53C2C712B0C}.Release|x86.ActiveCfg = Release|x86
		{C42C443A-9180-46BB-9CB6-0C16C7C616CF}.Debug|Any CPU.ActiveCfg = Debug|Any CPU
		{C42C443A-9180-46BB-9CB6-0C16C7C616CF}.Debug|Any CPU.Build.0 = Debug|Any CPU
		{C42C443A-9180-46BB-9CB6-0C16C7C616CF}.Debug|Mixed Platforms.ActiveCfg = Debug|Any CPU
		{C42C443A-9180-46BB-9CB6-0C16C7C616CF}.Debug|Mixed Platforms.Build.0 = Debug|Any CPU
		{C42C443A-9180-46BB-9CB6-0C16C7C616CF}.Debug|x86.ActiveCfg = Debug|Any CPU
		{C42C443A-9180-46BB-9CB6-0C16C7C616CF}.Release|Any CPU.ActiveCfg = Release|Any CPU
		{C42C443A-9180-46BB-9CB6-0C16C7C616CF}.Release|Any CPU.Build.0 = Release|Any CPU
		{C42C443A-9180-46BB-9CB6-0C16C7C616CF}.Release|Mixed Platforms.ActiveCfg = Release|Any CPU
		{C42C443A-9180-46BB-9CB6-0C16C7C616CF}.Release|Mixed Platforms.Build.0 = Release|Any CPU
		{C42C443A-9180-46BB-9CB6-0C16C7C616CF}.Release|x86.ActiveCfg = Release|Any CPU
		{EBBAF2B6-4C65-4606-997A-4EA097DEDF55}.Debug|Any CPU.ActiveCfg = Debug|Any CPU
		{EBBAF2B6-4C65-4606-997A-4EA097DEDF55}.Debug|Any CPU.Build.0 = Debug|Any CPU
		{EBBAF2B6-4C65-4606-997A-4EA097DEDF55}.Debug|Mixed Platforms.ActiveCfg = Debug|Any CPU
		{EBBAF2B6-4C65-4606-997A-4EA097DEDF55}.Debug|Mixed Platforms.Build.0 = Debug|Any CPU
		{EBBAF2B6-4C65-4606-997A-4EA097DEDF55}.Debug|x86.ActiveCfg = Debug|Any CPU
		{EBBAF2B6-4C65-4606-997A-4EA097DEDF55}.Release|Any CPU.ActiveCfg = Release|Any CPU
		{EBBAF2B6-4C65-4606-997A-4EA097DEDF55}.Release|Any CPU.Build.0 = Release|Any CPU
		{EBBAF2B6-4C65-4606-997A-4EA097DEDF55}.Release|Mixed Platforms.ActiveCfg = Release|Any CPU
		{EBBAF2B6-4C65-4606-997A-4EA097DEDF55}.Release|Mixed Platforms.Build.0 = Release|Any CPU
		{EBBAF2B6-4C65-4606-997A-4EA097DEDF55}.Release|x86.ActiveCfg = Release|Any CPU
		{950FD8C8-D966-4609-B043-9DB28CC260C1}.Debug|Any CPU.ActiveCfg = Debug|Any CPU
		{950FD8C8-D966-4609-B043-9DB28CC260C1}.Debug|Any CPU.Build.0 = Debug|Any CPU
		{950FD8C8-D966-4609-B043-9DB28CC260C1}.Debug|Mixed Platforms.ActiveCfg = Debug|Any CPU
		{950FD8C8-D966-4609-B043-9DB28CC260C1}.Debug|Mixed Platforms.Build.0 = Debug|Any CPU
		{950FD8C8-D966-4609-B043-9DB28CC260C1}.Debug|x86.ActiveCfg = Debug|Any CPU
		{950FD8C8-D966-4609-B043-9DB28CC260C1}.Release|Any CPU.ActiveCfg = Release|Any CPU
		{950FD8C8-D966-4609-B043-9DB28CC260C1}.Release|Any CPU.Build.0 = Release|Any CPU
		{950FD8C8-D966-4609-B043-9DB28CC260C1}.Release|Mixed Platforms.ActiveCfg = Release|Any CPU
		{950FD8C8-D966-4609-B043-9DB28CC260C1}.Release|Mixed Platforms.Build.0 = Release|Any CPU
		{950FD8C8-D966-4609-B043-9DB28CC260C1}.Release|x86.ActiveCfg = Release|Any CPU
	EndGlobalSection
	GlobalSection(SolutionProperties) = preSolution
		HideSolutionNode = FALSE
	EndGlobalSection
EndGlobal
